#MicroXplorer Configuration settings - do not modify
Mcu.Family=STM32F4
ProjectManager.MainLocation=Src
RCC.CortexFreq_Value=100000000
ProjectManager.KeepUserCode=true
Mcu.UserName=STM32F411CEUx
SPI1.VirtualType=VM_MASTER
Dma.USART1_TX.1.MemInc=DMA_MINC_ENABLE
PB10.Mode=I2C
RCC.PLLCLKFreq_Value=100000000
RCC.PLLQCLKFreq_Value=50000000
ProjectManager.functionlistsort=1-MX_GPIO_Init-GPIO-false-HAL-true,2-MX_DMA_Init-DMA-false-HAL-true,3-SystemClock_Config-RCC-false-HAL-false,4-MX_ADC1_Init-ADC1-false-HAL-true,5-MX_I2C1_Init-I2C1-false-HAL-true,6-MX_SPI1_Init-SPI1-false-HAL-true,7-MX_TIM2_Init-TIM2-false-HAL-true,8-MX_TIM4_Init-TIM4-false-HAL-true,9-MX_USART1_UART_Init-USART1-false-HAL-true,10-MX_RTC_Init-RTC-false-HAL-true,11-MX_I2C2_Init-I2C2-false-HAL-true
VP_RTC_VS_RTC_Activate.Mode=RTC_Enabled
RCC.RTCFreq_Value=32768
PA3.GPIOParameters=GPIO_Label
PA6.GPIO_Label=LCD_RES
PB0.GPIO_Label=LCD_DC
PB6.GPIO_Label=MPU_SCL
VP_RTC_VS_RTC_Calendar.Signal=RTC_VS_RTC_Calendar
USART1.IPParameters=VirtualMode
SH.S_TIM4_CH4.ConfNb=1
PB15.Signal=GPIO_Input
PinOutPanel.RotationAngle=0
RCC.SYSCLKSource=RCC_SYSCLKSOURCE_PLLCLK
ProjectManager.StackSize=0x400
PB5.GPIOParameters=GPIO_Label
Mcu.IP4=NVIC
Mcu.IP5=RCC
RCC.FCLKCortexFreq_Value=100000000
Mcu.IP2=I2C1
I2C1.IPParameters=I2C_Mode
NVIC.SVCall_IRQn=true\:0\:0\:false\:false\:true\:false\:false
Mcu.IP3=I2C2
Mcu.IP0=ADC1
Mcu.IP1=DMA
RTC.StoreOperation=RTC_STOREOPERATION_SET
SPI1.CLKPolarity=SPI_POLARITY_HIGH
Mcu.UserConstants=
PH0\ -\ OSC_IN.Signal=RCC_OSC_IN
RCC.RCC_RTC_Clock_Source=RCC_RTCCLKSOURCE_LSE
PH0\ -\ OSC_IN.Locked=true
Mcu.ThirdPartyNb=0
SPI1.Direction=SPI_DIRECTION_2LINES
RCC.HCLKFreq_Value=100000000
Mcu.IPNb=12
RCC.I2SClocksFreq_Value=96000000
TIM2.IPParameters=Channel-PWM Generation4 CH4,Prescaler,Period
ProjectManager.PreviousToolchain=
RCC.APB2TimFreq_Value=100000000
PB6.Signal=I2C1_SCL
RCC.VcooutputI2S=96000000
PB6.Mode=I2C
RTC.IPParameters=Format,Hours,Year,Date,DayLightSaving,StoreOperation
SPI1.CalculateBaudRate=25.0 MBits/s
PA8.GPIOParameters=GPIO_PuPd,GPIO_Label
Mcu.Pin6=PA1
Mcu.Pin7=PA3
Mcu.Pin8=PA4
Mcu.Pin9=PA5
RCC.AHBFreq_Value=100000000
Dma.USART1_RX.0.Priority=DMA_PRIORITY_LOW
Mcu.Pin0=PC13-ANTI_TAMP
Mcu.Pin1=PC14-OSC32_IN
Mcu.Pin2=PC15-OSC32_OUT
Mcu.Pin3=PH0 - OSC_IN
PA0-WKUP.GPIOParameters=GPIO_PuPd,GPIO_Label
Mcu.Pin4=PH1 - OSC_OUT
Mcu.Pin5=PA0-WKUP
ADC1.Channel-0\#ChannelRegularConversion=ADC_CHANNEL_1
ProjectManager.ProjectBuild=false
RCC.HSE_VALUE=25000000
NVIC.UsageFault_IRQn=true\:0\:0\:false\:false\:true\:false\:false
NVIC.DebugMonitor_IRQn=true\:0\:0\:false\:false\:true\:false\:false
PB3.Mode=I2C
PA8.Locked=true
PA4.Locked=true
Mcu.IP10=TIM4
PC13-ANTI_TAMP.Signal=GPIO_Output
NVIC.SysTick_IRQn=true\:0\:0\:false\:false\:true\:false\:true
Mcu.IP11=USART1
PB12.GPIO_Label=USB_in_sign
ProjectManager.FirmwarePackage=STM32Cube FW_F4 V1.25.2
MxDb.Version=DB.6.0.0
PB0.GPIOParameters=GPIO_Label
PA1.GPIOParameters=GPIO_Label
ProjectManager.BackupPrevious=false
PC14-OSC32_IN.Mode=LSE-External-Oscillator
RCC.VCOInputFreq_Value=2000000
PA14.Mode=Serial_Wire
SH.ADCx_IN1.ConfNb=1
PA5.GPIO_PuPd=GPIO_PULLUP
File.Version=6
PB3.GPIOParameters=GPIO_Label
PB7.Signal=I2C1_SDA
PA8.Signal=GPIO_Input
PB6.Locked=true
NVIC.PendSV_IRQn=true\:0\:0\:false\:false\:true\:false\:false
TIM4.Period=500-1
Dma.USART1_RX.0.MemInc=DMA_MINC_ENABLE
Dma.RequestsNb=2
PB6.GPIOParameters=GPIO_Label
ProjectManager.HalAssertFull=false
PB0.Locked=true
ADC1.SamplingTime-0\#ChannelRegularConversion=ADC_SAMPLETIME_3CYCLES
Dma.USART1_TX.1.PeriphDataAlignment=DMA_PDATAALIGN_BYTE
ProjectManager.ProjectName=watch
PB7.GPIO_Label=MPU_SDA
Mcu.Package=UFQFPN48
PB9.Signal=S_TIM4_CH4
TIM2.Prescaler=100-1
PA6.Signal=GPIO_Output
NVIC.DMA2_Stream7_IRQn=true\:0\:0\:false\:false\:true\:false\:true
PA7.Locked=true
PA5.Locked=true
PB15.GPIO_PuPd=GPIO_PULLUP
RTC.DayLightSaving=RTC_DAYLIGHTSAVING_SUB1H
PA14.Locked=true
ProjectManager.ToolChainLocation=
RCC.LSI_VALUE=32000
VP_SYS_VS_Systick.Signal=SYS_VS_Systick
Dma.USART1_RX.0.RequestParameters=Instance,Direction,PeriphInc,MemInc,PeriphDataAlignment,MemDataAlignment,Mode,Priority,FIFOMode
PA10.Signal=USART1_RX
VP_RTC_VS_RTC_Calendar.Mode=RTC_Calendar
PA5.GPIOParameters=GPIO_PuPd,GPIO_Label
Dma.USART1_RX.0.FIFOMode=DMA_FIFOMODE_DISABLE
SH.ADCx_IN1.0=ADC1_IN1,IN1
PB5.GPIO_Label=MPU_INT
NVIC.DMA2_Stream2_IRQn=true\:0\:0\:false\:false\:true\:false\:true
Dma.Request1=USART1_TX
RCC.APB1TimFreq_Value=100000000
NVIC.BusFault_IRQn=true\:0\:0\:false\:false\:true\:false\:false
Dma.USART1_RX.0.Mode=DMA_NORMAL
Dma.USART1_TX.1.Priority=DMA_PRIORITY_LOW
PB10.GPIOParameters=GPIO_Label
SH.S_TIM2_CH4.ConfNb=1
NVIC.USART1_IRQn=true\:0\:0\:false\:false\:true\:true\:true
TIM4.Channel-PWM\ Generation4\ CH4=TIM_CHANNEL_4
Dma.Request0=USART1_RX
SPI1.BaudRatePrescaler=SPI_BAUDRATEPRESCALER_4
PA4.GPIO_Label=LCD_CS
Dma.USART1_RX.0.Instance=DMA2_Stream2
ProjectManager.CustomerFirmwarePackage=
PC14-OSC32_IN.Locked=true
PB15.Locked=true
PB3.Locked=true
PA3.Signal=S_TIM2_CH4
PA5.Mode=TX_Only_Simplex_Unidirect_Master
PC13-ANTI_TAMP.GPIOParameters=GPIO_Label
Dma.USART1_TX.1.Direction=DMA_MEMORY_TO_PERIPH
PB3.GPIO_Label=SHT30_I2C2_SDA
VP_RTC_VS_RTC_Activate.Signal=RTC_VS_RTC_Activate
PA6.GPIOParameters=GPIO_Label
PC15-OSC32_OUT.Mode=LSE-External-Oscillator
Dma.USART1_TX.1.Instance=DMA2_Stream7
ProjectManager.ProjectFileName=watch.ioc
TIM2.Channel-PWM\ Generation4\ CH4=TIM_CHANNEL_4
ADC1.Rank-0\#ChannelRegularConversion=1
PA7.Mode=TX_Only_Simplex_Unidirect_Master
Dma.USART1_RX.0.PeriphDataAlignment=DMA_PDATAALIGN_BYTE
PB9.GPIO_Label=Beep
PA10.Mode=Asynchronous
Mcu.PinsNb=30
ProjectManager.NoMain=false
SPI1.IPParameters=VirtualType,Mode,Direction,CalculateBaudRate,BaudRatePrescaler,CLKPolarity,CLKPhase
PC13-ANTI_TAMP.GPIO_Label=LED
ADC1.IPParameters=Rank-0\#ChannelRegularConversion,master,Channel-0\#ChannelRegularConversion,SamplingTime-0\#ChannelRegularConversion,NbrOfConversionFlag
SH.S_TIM4_CH4.0=TIM4_CH4,PWM Generation4 CH4
Dma.USART1_TX.1.RequestParameters=Instance,Direction,PeriphInc,MemInc,PeriphDataAlignment,MemDataAlignment,Mode,Priority,FIFOMode
PH1\ -\ OSC_OUT.Mode=HSE-External-Oscillator
ProjectManager.DefaultFWLocation=true
SPI1.CLKPhase=SPI_PHASE_2EDGE
PB12.Locked=true
ProjectManager.DeletePrevious=true
RCC.APB1CLKDivider=RCC_HCLK_DIV2
PC14-OSC32_IN.Signal=RCC_OSC32_IN
PB10.Locked=true
PH1\ -\ OSC_OUT.Locked=true
RCC.FamilyName=M
PA0-WKUP.GPIO_Label=KEY_2
PA0-WKUP.Signal=GPIO_Input
PA0-WKUP.Locked=true
PB9.GPIOParameters=GPIO_Label
PA13.Signal=SYS_JTMS-SWDIO
PA9.Mode=Asynchronous
PH0\ -\ OSC_IN.Mode=HSE-External-Oscillator
PA8.GPIO_Label=KEY_1
PC15-OSC32_OUT.Locked=true
VP_TIM4_VS_ClockSourceINT.Signal=TIM4_VS_ClockSourceINT
ProjectManager.TargetToolchain=MDK-ARM V5
TIM4.IPParameters=Channel-PWM Generation4 CH4,Prescaler,Period
PB10.GPIO_Label=SHT30_I2C2_SCL
RTC.Year=20
I2C1.I2C_Mode=I2C_Fast
PB7.GPIOParameters=GPIO_Label
Dma.USART1_RX.0.Direction=DMA_PERIPH_TO_MEMORY
PA9.Signal=USART1_TX
PB5.Locked=true
PB9.Locked=true
RCC.VCOInputMFreq_Value=1000000
RTC.Format=RTC_FORMAT_BIN
ProjectManager.RegisterCallBack=
Dma.USART1_TX.1.FIFOMode=DMA_FIFOMODE_DISABLE
TIM4.Prescaler=100-1
PC15-OSC32_OUT.Signal=RCC_OSC32_OUT
PA1.Signal=ADCx_IN1
PA7.GPIO_PuPd=GPIO_PULLUP
Dma.USART1_RX.0.PeriphInc=DMA_PINC_DISABLE
PB10.Signal=I2C2_SCL
RCC.VCOI2SOutputFreq_Value=192000000
PA5.Signal=SPI1_SCK
PH1\ -\ OSC_OUT.Signal=RCC_OSC_OUT
Dma.USART1_TX.1.MemDataAlignment=DMA_MDATAALIGN_BYTE
board=custom
RCC.VCOOutputFreq_Value=200000000
PC13-ANTI_TAMP.Locked=true
ProjectManager.LastFirmware=true
RCC.APB2Freq_Value=100000000
MxCube.Version=6.0.1
PB15.GPIO_Label=KEY_3
SPI1.Mode=SPI_MODE_MASTER
PA1.GPIO_Label=V_BAT
VP_SYS_VS_Systick.Mode=SysTick
RCC.EthernetFreq_Value=100000000
Dma.USART1_RX.0.MemDataAlignment=DMA_MDATAALIGN_BYTE
RCC.RCC_RTC_Clock_SourceVirtual=RCC_RTCCLKSOURCE_LSE
PA9.Locked=true
NVIC.NonMaskableInt_IRQn=true\:0\:0\:false\:false\:true\:false\:false
PA4.GPIOParameters=GPIO_Label
TIM2.Period=500-1
PB15.GPIOParameters=GPIO_PuPd,GPIO_Label
PA13.Mode=Serial_Wire
ProjectManager.FreePins=false
RCC.IPParameters=48MHZClocksFreq_Value,AHBFreq_Value,APB1CLKDivider,APB1Freq_Value,APB1TimFreq_Value,APB2Freq_Value,APB2TimFreq_Value,CortexFreq_Value,EthernetFreq_Value,FCLKCortexFreq_Value,FamilyName,HCLKFreq_Value,HSE_VALUE,HSI_VALUE,I2SClocksFreq_Value,LSI_VALUE,PLLCLKFreq_Value,PLLM,PLLN,PLLQCLKFreq_Value,RCC_RTC_Clock_Source,RCC_RTC_Clock_SourceVirtual,RTCFreq_Value,RTCHSEDivFreq_Value,SYSCLKFreq_VALUE,SYSCLKSource,VCOI2SOutputFreq_Value,VCOInputFreq_Value,VCOInputMFreq_Value,VCOOutputFreq_Value,VcooutputI2S
ProjectManager.AskForMigrate=true
Mcu.Name=STM32F411C(C-E)Ux
Mcu.Pin26=VP_RTC_VS_RTC_Activate
Mcu.Pin27=VP_RTC_VS_RTC_Calendar
RCC.RTCHSEDivFreq_Value=12500000
Mcu.Pin24=PB7
ProjectManager.UnderRoot=false
Mcu.Pin25=PB9
Mcu.IP8=SYS
Mcu.IP9=TIM2
Mcu.Pin28=VP_SYS_VS_Systick
Mcu.IP6=RTC
Mcu.Pin29=VP_TIM4_VS_ClockSourceINT
Mcu.IP7=SPI1
ProjectManager.CoupleFile=true
RCC.48MHZClocksFreq_Value=50000000
PB3.Signal=I2C2_SDA
PA4.Signal=GPIO_Output
RCC.SYSCLKFreq_VALUE=100000000
RTC.Hours=12
Mcu.Pin22=PB5
PB5.Signal=GPIO_Output
Mcu.Pin23=PB6
PA1.Locked=true
PA7.GPIO_Label=LCD_MOSI
Mcu.Pin20=PA14
ADC1.master=1
PA3.Locked=true
Mcu.Pin21=PB3
PA5.GPIO_Label=LCD_SCK
PA10.Locked=true
NVIC.ForceEnableDMAVector=true
KeepUserPlacement=false
Dma.USART1_TX.1.Mode=DMA_NORMAL
NVIC.MemoryManagement_IRQn=true\:0\:0\:false\:false\:true\:false\:false
PA13.Locked=true
USART1.VirtualMode=VM_ASYNC
ProjectManager.CompilerOptimize=6
PB7.Mode=I2C
PA14.Signal=SYS_JTCK-SWCLK
ProjectManager.HeapSize=0x200
Mcu.Pin15=PB15
Dma.USART1_TX.1.PeriphInc=DMA_PINC_DISABLE
NVIC.HardFault_IRQn=true\:0\:0\:false\:false\:true\:false\:false
Mcu.Pin16=PA8
SH.S_TIM2_CH4.0=TIM2_CH4,PWM Generation4 CH4
Mcu.Pin13=PB10
Mcu.Pin14=PB12
Mcu.Pin19=PA13
ProjectManager.ComputerToolchain=false
Mcu.Pin17=PA9
RCC.HSI_VALUE=16000000
PA8.GPIO_PuPd=GPIO_PULLUP
Mcu.Pin18=PA10
VP_TIM4_VS_ClockSourceINT.Mode=Internal
NVIC.PriorityGroup=NVIC_PRIORITYGROUP_4
ADC1.NbrOfConversionFlag=1
Mcu.Pin11=PA7
Mcu.Pin12=PB0
RCC.PLLM=8
RCC.PLLN=100
Mcu.Pin10=PA6
PB7.Locked=true
PA0-WKUP.GPIO_PuPd=GPIO_PULLUP
PB12.GPIO_PuPd=GPIO_PULLUP
RCC.APB1Freq_Value=50000000
PB0.Signal=GPIO_Output
RTC.Date=8
PA7.GPIOParameters=GPIO_PuPd,GPIO_Label
ProjectManager.DeviceId=STM32F411CEUx
PB12.GPIOParameters=GPIO_PuPd,GPIO_Label
PB12.Signal=GPIO_Input
ProjectManager.LibraryCopy=0
PA3.GPIO_Label=LCD_BLK
PA7.Signal=SPI1_MOSI
PA6.Locked=true
